
Microsoft Visual Studio Solution File, Format Version 12.00
# Visual Studio 15
VisualStudioVersion = 15.0.27703.2000
MinimumVisualStudioVersion = 10.0.40219.1
Project("{FAE04EC0-301F-11D3-BF4B-00C04F79EFBC}") = "Silent Crypto Miner Builder", "SilentCryptoMiner\Silent Crypto Miner Builder.csproj", "{CE2307EB-A69E-0EB9-386C-D322223A10A9}"
EndProject
Global
	GlobalSection(SolutionConfigurationPlatforms) = preSolution
		Debug|Any CPU = Debug|Any CPU
		Release|Any CPU = Release|Any CPU
	EndGlobalSection
	GlobalSection(ProjectConfigurationPlatforms) = postSolution
		{CE2307EB-A69E-0EB9-386C-D322223A10A9}.Debug|Any CPU.ActiveCfg = Debug|Any CPU
		{CE2307EB-A69E-0EB9-386C-D322223A10A9}.Debug|Any CPU.Build.0 = Debug|Any CPU
		{CE2307EB-A69E-0EB9-386C-D322223A10A9}.Release|Any CPU.ActiveCfg = Release|Any CPU
		{CE2307EB-A69E-0EB9-386C-D322223A10A9}.Release|Any CPU.Build.0 = Release|Any CPU
	EndGlobalSection
	GlobalSection(SolutionProperties) = preSolution
		HideSolutionNode = FALSE
	EndGlobalSection
	GlobalSection(ExtensibilityGlobals) = postSolution
		SolutionGuid = {18DD4EC1-867B-49AA-9EDC-C1ED9E36DAB6}
	EndGlobalSection
EndGlobal
